
Microsoft Visual Studio Solution File, Format Version 12.00
# Visual Studio Version 17
VisualStudioVersion = 17.4.33403.182
MinimumVisualStudioVersion = 10.0.40219.1
Project("{FAE04EC0-301F-11D3-BF4B-00C04F79EFBC}") = "ApiCore", "ApiCore\ApiCore.csproj", "{A855D08E-76C3-46C5-9ADB-ADFA8AB24928}"
EndProject
Project("{FAE04EC0-301F-11D3-BF4B-00C04F79EFBC}") = "Core", "Core\Core.csproj", "{BAEFD44F-4D2C-43EC-B97E-60DC3646D7FD}"
EndProject
Global
	GlobalSection(SolutionConfigurationPlatforms) = preSolution
		Debug|Any CPU = Debug|Any CPU
		Release|Any CPU = Release|Any CPU
	EndGlobalSection
	GlobalSection(ProjectConfigurationPlatforms) = postSolution
		{A855D08E-76C3-46C5-9ADB-ADFA8AB24928}.Debug|Any CPU.ActiveCfg = Debug|Any CPU
		{A855D08E-76C3-46C5-9ADB-ADFA8AB24928}.Debug|Any CPU.Build.0 = Debug|Any CPU
		{A855D08E-76C3-46C5-9ADB-ADFA8AB24928}.Release|Any CPU.ActiveCfg = Release|Any CPU
		{A855D08E-76C3-46C5-9ADB-ADFA8AB24928}.Release|Any CPU.Build.0 = Release|Any CPU
		{BAEFD44F-4D2C-43EC-B97E-60DC3646D7FD}.Debug|Any CPU.ActiveCfg = Debug|Any CPU
		{BAEFD44F-4D2C-43EC-B97E-60DC3646D7FD}.Debug|Any CPU.Build.0 = Debug|Any CPU
		{BAEFD44F-4D2C-43EC-B97E-60DC3646D7FD}.Release|Any CPU.ActiveCfg = Release|Any CPU
		{BAEFD44F-4D2C-43EC-B97E-60DC3646D7FD}.Release|Any CPU.Build.0 = Release|Any CPU
	EndGlobalSection
	GlobalSection(SolutionProperties) = preSolution
		HideSolutionNode = FALSE
	EndGlobalSection
	GlobalSection(ExtensibilityGlobals) = postSolution
		SolutionGuid = {65BE5E2E-8C10-4B16-BF46-C4A3F6513D20}
	EndGlobalSection
EndGlobal
